
Microsoft Visual Studio Solution File, Format Version 12.00
# Visual Studio 15
VisualStudioVersion = 15.0.28010.2048
MinimumVisualStudioVersion = 10.0.40219.1
Project("{FAE04EC0-301F-11D3-BF4B-00C04F79EFBC}") = "Katmanli.ENT", "Katmanli.ENT\Katmanli.ENT.csproj", "{9E8814C5-4BB8-4D1C-AA17-1F5E240CDB22}"
EndProject
Project("{FAE04EC0-301F-11D3-BF4B-00C04F79EFBC}") = "Katmanli.DAL", "Katmanli.DAL\Katmanli.DAL.csproj", "{B62E07CC-845D-4E0B-A666-265B11FE315E}"
EndProject
Project("{FAE04EC0-301F-11D3-BF4B-00C04F79EFBC}") = "Katmanli.BL", "Katmanli.BL\Katmanli.BL.csproj", "{AADFE84E-E312-49A7-B6EE-426E9643FC95}"
EndProject
Project("{FAE04EC0-301F-11D3-BF4B-00C04F79EFBC}") = "Katmanli.REP", "Katmanli.REP\Katmanli.REP.csproj", "{BE323570-69D0-48E0-8592-19EC7E94F22E}"
EndProject
Project("{FAE04EC0-301F-11D3-BF4B-00C04F79EFBC}") = "Katmanli.Win.UI", "Katmanli.Win.UI\Katmanli.Win.UI.csproj", "{685CD797-01C6-4B0F-8CD7-49343F1B9C70}"
EndProject
Global
	GlobalSection(SolutionConfigurationPlatforms) = preSolution
		Debug|Any CPU = Debug|Any CPU
		Release|Any CPU = Release|Any CPU
	EndGlobalSection
	GlobalSection(ProjectConfigurationPlatforms) = postSolution
		{9E8814C5-4BB8-4D1C-AA17-1F5E240CDB22}.Debug|Any CPU.ActiveCfg = Debug|Any CPU
		{9E8814C5-4BB8-4D1C-AA17-1F5E240CDB22}.Debug|Any CPU.Build.0 = Debug|Any CPU
		{9E8814C5-4BB8-4D1C-AA17-1F5E240CDB22}.Release|Any CPU.ActiveCfg = Release|Any CPU
		{9E8814C5-4BB8-4D1C-AA17-1F5E240CDB22}.Release|Any CPU.Build.0 = Release|Any CPU
		{B62E07CC-845D-4E0B-A666-265B11FE315E}.Debug|Any CPU.ActiveCfg = Debug|Any CPU
		{B62E07CC-845D-4E0B-A666-265B11FE315E}.Debug|Any CPU.Build.0 = Debug|Any CPU
		{B62E07CC-845D-4E0B-A666-265B11FE315E}.Release|Any CPU.ActiveCfg = Release|Any CPU
		{B62E07CC-845D-4E0B-A666-265B11FE315E}.Release|Any CPU.Build.0 = Release|Any CPU
		{AADFE84E-E312-49A7-B6EE-426E9643FC95}.Debug|Any CPU.ActiveCfg = Debug|Any CPU
		{AADFE84E-E312-49A7-B6EE-426E9643FC95}.Debug|Any CPU.Build.0 = Debug|Any CPU
		{AADFE84E-E312-49A7-B6EE-426E9643FC95}.Release|Any CPU.ActiveCfg = Release|Any CPU
		{AADFE84E-E312-49A7-B6EE-426E9643FC95}.Release|Any CPU.Build.0 = Release|Any CPU
		{BE323570-69D0-48E0-8592-19EC7E94F22E}.Debug|Any CPU.ActiveCfg = Debug|Any CPU
		{BE323570-69D0-48E0-8592-19EC7E94F22E}.Debug|Any CPU.Build.0 = Debug|Any CPU
		{BE323570-69D0-48E0-8592-19EC7E94F22E}.Release|Any CPU.ActiveCfg = Release|Any CPU
		{BE323570-69D0-48E0-8592-19EC7E94F22E}.Release|Any CPU.Build.0 = Release|Any CPU
		{685CD797-01C6-4B0F-8CD7-49343F1B9C70}.Debug|Any CPU.ActiveCfg = Debug|Any CPU
		{685CD797-01C6-4B0F-8CD7-49343F1B9C70}.Debug|Any CPU.Build.0 = Debug|Any CPU
		{685CD797-01C6-4B0F-8CD7-49343F1B9C70}.Release|Any CPU.ActiveCfg = Release|Any CPU
		{685CD797-01C6-4B0F-8CD7-49343F1B9C70}.Release|Any CPU.Build.0 = Release|Any CPU
	EndGlobalSection
	GlobalSection(SolutionProperties) = preSolution
		HideSolutionNode = FALSE
	EndGlobalSection
	GlobalSection(ExtensibilityGlobals) = postSolution
		SolutionGuid = {F44EE008-70C5-45B5-AFB6-6E44A6B85DF5}
	EndGlobalSection
EndGlobal
